
Microsoft Visual Studio Solution File, Format Version 12.00
# Visual Studio 15
Project("{FAE04EC0-301F-11D3-BF4B-00C04F79EFBC}") = "Assembly-CSharp", "Assembly-CSharp.csproj", "{19E255E9-4CE7-FB12-EBCA-EAFB44989B95}"
EndProject
Project("{FAE04EC0-301F-11D3-BF4B-00C04F79EFBC}") = "NavMeshComponentsTestsPlaymode", "NavMeshComponentsTestsPlaymode.csproj", "{EF5B07AD-DD18-D897-E4F6-D64B35DA7B52}"
EndProject
Project("{FAE04EC0-301F-11D3-BF4B-00C04F79EFBC}") = "Assembly-CSharp-firstpass", "Assembly-CSharp-firstpass.csproj", "{38BE116A-8BED-C021-1C1A-654C9FECF044}"
EndProject
Project("{FAE04EC0-301F-11D3-BF4B-00C04F79EFBC}") = "NavMeshComponentsExamples", "NavMeshComponentsExamples.csproj", "{D6D3C9D4-E68C-989F-EF7D-51FE910AF80D}"
EndProject
Project("{FAE04EC0-301F-11D3-BF4B-00C04F79EFBC}") = "NavMeshComponents", "NavMeshComponents.csproj", "{D424A11A-4D01-BEA1-6559-706955B2D75C}"
EndProject
Project("{FAE04EC0-301F-11D3-BF4B-00C04F79EFBC}") = "Assembly-CSharp-Editor-firstpass", "Assembly-CSharp-Editor-firstpass.csproj", "{CFF008B5-0248-3129-FC6A-DD4C15775773}"
EndProject
Project("{FAE04EC0-301F-11D3-BF4B-00C04F79EFBC}") = "NavMeshComponentsTestsEditmode", "NavMeshComponentsTestsEditmode.csproj", "{D778C8B1-9BB7-B3AE-4133-72B413094203}"
EndProject
Project("{FAE04EC0-301F-11D3-BF4B-00C04F79EFBC}") = "NavMeshComponentsEditor", "NavMeshComponentsEditor.csproj", "{2D7365E8-9074-0401-7DE5-B1FEB825F489}"
EndProject
Project("{FAE04EC0-301F-11D3-BF4B-00C04F79EFBC}") = "NavMeshComponentsExamplesEditor", "NavMeshComponentsExamplesEditor.csproj", "{3388337F-1AD6-0990-302D-4BA2A94951C1}"
EndProject
Global
	GlobalSection(SolutionConfigurationPlatforms) = preSolution
		Debug|Any CPU = Debug|Any CPU
		Release|Any CPU = Release|Any CPU
	EndGlobalSection
	GlobalSection(ProjectConfigurationPlatforms) = postSolution
		{19E255E9-4CE7-FB12-EBCA-EAFB44989B95}.Debug|Any CPU.ActiveCfg = Debug|Any CPU
		{19E255E9-4CE7-FB12-EBCA-EAFB44989B95}.Debug|Any CPU.Build.0 = Debug|Any CPU
		{19E255E9-4CE7-FB12-EBCA-EAFB44989B95}.Release|Any CPU.ActiveCfg = Release|Any CPU
		{19E255E9-4CE7-FB12-EBCA-EAFB44989B95}.Release|Any CPU.Build.0 = Release|Any CPU
		{EF5B07AD-DD18-D897-E4F6-D64B35DA7B52}.Debug|Any CPU.ActiveCfg = Debug|Any CPU
		{EF5B07AD-DD18-D897-E4F6-D64B35DA7B52}.Debug|Any CPU.Build.0 = Debug|Any CPU
		{EF5B07AD-DD18-D897-E4F6-D64B35DA7B52}.Release|Any CPU.ActiveCfg = Release|Any CPU
		{EF5B07AD-DD18-D897-E4F6-D64B35DA7B52}.Release|Any CPU.Build.0 = Release|Any CPU
		{38BE116A-8BED-C021-1C1A-654C9FECF044}.Debug|Any CPU.ActiveCfg = Debug|Any CPU
		{38BE116A-8BED-C021-1C1A-654C9FECF044}.Debug|Any CPU.Build.0 = Debug|Any CPU
		{38BE116A-8BED-C021-1C1A-654C9FECF044}.Release|Any CPU.ActiveCfg = Release|Any CPU
		{38BE116A-8BED-C021-1C1A-654C9FECF044}.Release|Any CPU.Build.0 = Release|Any CPU
		{D6D3C9D4-E68C-989F-EF7D-51FE910AF80D}.Debug|Any CPU.ActiveCfg = Debug|Any CPU
		{D6D3C9D4-E68C-989F-EF7D-51FE910AF80D}.Debug|Any CPU.Build.0 = Debug|Any CPU
		{D6D3C9D4-E68C-989F-EF7D-51FE910AF80D}.Release|Any CPU.ActiveCfg = Release|Any CPU
		{D6D3C9D4-E68C-989F-EF7D-51FE910AF80D}.Release|Any CPU.Build.0 = Release|Any CPU
		{D424A11A-4D01-BEA1-6559-706955B2D75C}.Debug|Any CPU.ActiveCfg = Debug|Any CPU
		{D424A11A-4D01-BEA1-6559-706955B2D75C}.Debug|Any CPU.Build.0 = Debug|Any CPU
		{D424A11A-4D01-BEA1-6559-706955B2D75C}.Release|Any CPU.ActiveCfg = Release|Any CPU
		{D424A11A-4D01-BEA1-6559-706955B2D75C}.Release|Any CPU.Build.0 = Release|Any CPU
		{CFF008B5-0248-3129-FC6A-DD4C15775773}.Debug|Any CPU.ActiveCfg = Debug|Any CPU
		{CFF008B5-0248-3129-FC6A-DD4C15775773}.Debug|Any CPU.Build.0 = Debug|Any CPU
		{CFF008B5-0248-3129-FC6A-DD4C15775773}.Release|Any CPU.ActiveCfg = Release|Any CPU
		{CFF008B5-0248-3129-FC6A-DD4C15775773}.Release|Any CPU.Build.0 = Release|Any CPU
		{D778C8B1-9BB7-B3AE-4133-72B413094203}.Debug|Any CPU.ActiveCfg = Debug|Any CPU
		{D778C8B1-9BB7-B3AE-4133-72B413094203}.Debug|Any CPU.Build.0 = Debug|Any CPU
		{D778C8B1-9BB7-B3AE-4133-72B413094203}.Release|Any CPU.ActiveCfg = Release|Any CPU
		{D778C8B1-9BB7-B3AE-4133-72B413094203}.Release|Any CPU.Build.0 = Release|Any CPU
		{2D7365E8-9074-0401-7DE5-B1FEB825F489}.Debug|Any CPU.ActiveCfg = Debug|Any CPU
		{2D7365E8-9074-0401-7DE5-B1FEB825F489}.Debug|Any CPU.Build.0 = Debug|Any CPU
		{2D7365E8-9074-0401-7DE5-B1FEB825F489}.Release|Any CPU.ActiveCfg = Release|Any CPU
		{2D7365E8-9074-0401-7DE5-B1FEB825F489}.Release|Any CPU.Build.0 = Release|Any CPU
		{3388337F-1AD6-0990-302D-4BA2A94951C1}.Debug|Any CPU.ActiveCfg = Debug|Any CPU
		{3388337F-1AD6-0990-302D-4BA2A94951C1}.Debug|Any CPU.Build.0 = Debug|Any CPU
		{3388337F-1AD6-0990-302D-4BA2A94951C1}.Release|Any CPU.ActiveCfg = Release|Any CPU
		{3388337F-1AD6-0990-302D-4BA2A94951C1}.Release|Any CPU.Build.0 = Release|Any CPU
	EndGlobalSection
	GlobalSection(SolutionProperties) = preSolution
		HideSolutionNode = FALSE
	EndGlobalSection
EndGlobal
