
Microsoft Visual Studio Solution File, Format Version 12.00
# Visual Studio 15
Project("{FAE04EC0-301F-11D3-BF4B-00C04F79EFBC}") = "Assembly-CSharp", "Assembly-CSharp.csproj", "{11E6322D-A8B4-D11B-9A8A-ECC77A0229B0}"
EndProject
Project("{FAE04EC0-301F-11D3-BF4B-00C04F79EFBC}") = "NavMeshComponentsTestsPlaymode", "NavMeshComponentsTestsPlaymode.csproj", "{9114A5F5-EBDA-A96F-62D1-6708B0B31770}"
EndProject
Project("{FAE04EC0-301F-11D3-BF4B-00C04F79EFBC}") = "Assembly-CSharp-firstpass", "Assembly-CSharp-firstpass.csproj", "{8F4B2F52-F8FB-80C4-1340-65686D706E06}"
EndProject
Project("{FAE04EC0-301F-11D3-BF4B-00C04F79EFBC}") = "NavMeshComponents", "NavMeshComponents.csproj", "{4ABA2CC7-5BD3-2015-F008-B25C4A873D4E}"
EndProject
Project("{FAE04EC0-301F-11D3-BF4B-00C04F79EFBC}") = "NavMeshComponentsTestsEditmode", "NavMeshComponentsTestsEditmode.csproj", "{F372A2D5-3E19-E22C-10DA-F233A7FE0A0D}"
EndProject
Project("{FAE04EC0-301F-11D3-BF4B-00C04F79EFBC}") = "NavMeshComponentsEditor", "NavMeshComponentsEditor.csproj", "{6D37DEBA-7093-7786-9D22-B33D4E62C748}"
EndProject
Project("{FAE04EC0-301F-11D3-BF4B-00C04F79EFBC}") = "Assembly-CSharp-Editor-firstpass", "Assembly-CSharp-Editor-firstpass.csproj", "{31A5ECB3-2751-F519-F55C-89DE2D5E2380}"
EndProject
Project("{FAE04EC0-301F-11D3-BF4B-00C04F79EFBC}") = "Assembly-CSharp-Editor", "Assembly-CSharp-Editor.csproj", "{43A9D2EA-D9EC-784F-2F28-685EE274A836}"
EndProject
Global
	GlobalSection(SolutionConfigurationPlatforms) = preSolution
		Debug|Any CPU = Debug|Any CPU
		Release|Any CPU = Release|Any CPU
	EndGlobalSection
	GlobalSection(ProjectConfigurationPlatforms) = postSolution
		{11E6322D-A8B4-D11B-9A8A-ECC77A0229B0}.Debug|Any CPU.ActiveCfg = Debug|Any CPU
		{11E6322D-A8B4-D11B-9A8A-ECC77A0229B0}.Debug|Any CPU.Build.0 = Debug|Any CPU
		{11E6322D-A8B4-D11B-9A8A-ECC77A0229B0}.Release|Any CPU.ActiveCfg = Release|Any CPU
		{11E6322D-A8B4-D11B-9A8A-ECC77A0229B0}.Release|Any CPU.Build.0 = Release|Any CPU
		{9114A5F5-EBDA-A96F-62D1-6708B0B31770}.Debug|Any CPU.ActiveCfg = Debug|Any CPU
		{9114A5F5-EBDA-A96F-62D1-6708B0B31770}.Debug|Any CPU.Build.0 = Debug|Any CPU
		{9114A5F5-EBDA-A96F-62D1-6708B0B31770}.Release|Any CPU.ActiveCfg = Release|Any CPU
		{9114A5F5-EBDA-A96F-62D1-6708B0B31770}.Release|Any CPU.Build.0 = Release|Any CPU
		{8F4B2F52-F8FB-80C4-1340-65686D706E06}.Debug|Any CPU.ActiveCfg = Debug|Any CPU
		{8F4B2F52-F8FB-80C4-1340-65686D706E06}.Debug|Any CPU.Build.0 = Debug|Any CPU
		{8F4B2F52-F8FB-80C4-1340-65686D706E06}.Release|Any CPU.ActiveCfg = Release|Any CPU
		{8F4B2F52-F8FB-80C4-1340-65686D706E06}.Release|Any CPU.Build.0 = Release|Any CPU
		{4ABA2CC7-5BD3-2015-F008-B25C4A873D4E}.Debug|Any CPU.ActiveCfg = Debug|Any CPU
		{4ABA2CC7-5BD3-2015-F008-B25C4A873D4E}.Debug|Any CPU.Build.0 = Debug|Any CPU
		{4ABA2CC7-5BD3-2015-F008-B25C4A873D4E}.Release|Any CPU.ActiveCfg = Release|Any CPU
		{4ABA2CC7-5BD3-2015-F008-B25C4A873D4E}.Release|Any CPU.Build.0 = Release|Any CPU
		{F372A2D5-3E19-E22C-10DA-F233A7FE0A0D}.Debug|Any CPU.ActiveCfg = Debug|Any CPU
		{F372A2D5-3E19-E22C-10DA-F233A7FE0A0D}.Debug|Any CPU.Build.0 = Debug|Any CPU
		{F372A2D5-3E19-E22C-10DA-F233A7FE0A0D}.Release|Any CPU.ActiveCfg = Release|Any CPU
		{F372A2D5-3E19-E22C-10DA-F233A7FE0A0D}.Release|Any CPU.Build.0 = Release|Any CPU
		{6D37DEBA-7093-7786-9D22-B33D4E62C748}.Debug|Any CPU.ActiveCfg = Debug|Any CPU
		{6D37DEBA-7093-7786-9D22-B33D4E62C748}.Debug|Any CPU.Build.0 = Debug|Any CPU
		{6D37DEBA-7093-7786-9D22-B33D4E62C748}.Release|Any CPU.ActiveCfg = Release|Any CPU
		{6D37DEBA-7093-7786-9D22-B33D4E62C748}.Release|Any CPU.Build.0 = Release|Any CPU
		{31A5ECB3-2751-F519-F55C-89DE2D5E2380}.Debug|Any CPU.ActiveCfg = Debug|Any CPU
		{31A5ECB3-2751-F519-F55C-89DE2D5E2380}.Debug|Any CPU.Build.0 = Debug|Any CPU
		{31A5ECB3-2751-F519-F55C-89DE2D5E2380}.Release|Any CPU.ActiveCfg = Release|Any CPU
		{31A5ECB3-2751-F519-F55C-89DE2D5E2380}.Release|Any CPU.Build.0 = Release|Any CPU
		{43A9D2EA-D9EC-784F-2F28-685EE274A836}.Debug|Any CPU.ActiveCfg = Debug|Any CPU
		{43A9D2EA-D9EC-784F-2F28-685EE274A836}.Debug|Any CPU.Build.0 = Debug|Any CPU
		{43A9D2EA-D9EC-784F-2F28-685EE274A836}.Release|Any CPU.ActiveCfg = Release|Any CPU
		{43A9D2EA-D9EC-784F-2F28-685EE274A836}.Release|Any CPU.Build.0 = Release|Any CPU
	EndGlobalSection
	GlobalSection(SolutionProperties) = preSolution
		HideSolutionNode = FALSE
	EndGlobalSection
EndGlobal
